
Microsoft Visual Studio Solution File, Format Version 12.00
# Visual Studio 14
VisualStudioVersion = 14.0.25420.1
MinimumVisualStudioVersion = 10.0.40219.1
Project("{FAE04EC0-301F-11D3-BF4B-00C04F79EFBC}") = "XOrdersProject.Droid", "XOrdersProject\XOrdersProject.Droid\XOrdersProject.Droid.csproj", "{8FF2F1AC-2984-4AD0-BE5F-EAF0C1399C73}"
EndProject
Project("{FAE04EC0-301F-11D3-BF4B-00C04F79EFBC}") = "XOrdersProject.iOS", "XOrdersProject\XOrdersProject.iOS\XOrdersProject.iOS.csproj", "{8CE9DE1D-0167-4582-BEDF-482E034F9212}"
EndProject
Project("{FAE04EC0-301F-11D3-BF4B-00C04F79EFBC}") = "XOrdersProject.WinPhone", "XOrdersProject\XOrdersProject.WinPhone\XOrdersProject.WinPhone.csproj", "{12355CAB-68D8-40C6-92A9-FA3303B3F9F4}"
EndProject
Project("{FAE04EC0-301F-11D3-BF4B-00C04F79EFBC}") = "XOrdersProject.UWP", "XOrdersProject\XOrdersProject.UWP\XOrdersProject.UWP.csproj", "{856D106C-49C7-4497-8E22-68E2CFBA7E3C}"
EndProject
Project("{FAE04EC0-301F-11D3-BF4B-00C04F79EFBC}") = "XOrdersProject.Windows", "XOrdersProject\XOrdersProject.Windows\XOrdersProject.Windows.csproj", "{DA28A4AE-284C-4B91-A187-4F4FAF04C838}"
EndProject
Project("{FAE04EC0-301F-11D3-BF4B-00C04F79EFBC}") = "XOrdersProject", "XOrdersProject\XOrdersProject\XOrdersProject.csproj", "{F216124F-6D33-4863-B437-67A661AE07D7}"
EndProject
Global
	GlobalSection(SolutionConfigurationPlatforms) = preSolution
		Ad-Hoc|Any CPU = Ad-Hoc|Any CPU
		Ad-Hoc|ARM = Ad-Hoc|ARM
		Ad-Hoc|iPhone = Ad-Hoc|iPhone
		Ad-Hoc|iPhoneSimulator = Ad-Hoc|iPhoneSimulator
		Ad-Hoc|x64 = Ad-Hoc|x64
		Ad-Hoc|x86 = Ad-Hoc|x86
		AppStore|Any CPU = AppStore|Any CPU
		AppStore|ARM = AppStore|ARM
		AppStore|iPhone = AppStore|iPhone
		AppStore|iPhoneSimulator = AppStore|iPhoneSimulator
		AppStore|x64 = AppStore|x64
		AppStore|x86 = AppStore|x86
		Debug|Any CPU = Debug|Any CPU
		Debug|ARM = Debug|ARM
		Debug|iPhone = Debug|iPhone
		Debug|iPhoneSimulator = Debug|iPhoneSimulator
		Debug|x64 = Debug|x64
		Debug|x86 = Debug|x86
		Release|Any CPU = Release|Any CPU
		Release|ARM = Release|ARM
		Release|iPhone = Release|iPhone
		Release|iPhoneSimulator = Release|iPhoneSimulator
		Release|x64 = Release|x64
		Release|x86 = Release|x86
	EndGlobalSection
	GlobalSection(ProjectConfigurationPlatforms) = postSolution
		{8FF2F1AC-2984-4AD0-BE5F-EAF0C1399C73}.Ad-Hoc|Any CPU.ActiveCfg = Release|Any CPU
		{8FF2F1AC-2984-4AD0-BE5F-EAF0C1399C73}.Ad-Hoc|Any CPU.Build.0 = Release|Any CPU
		{8FF2F1AC-2984-4AD0-BE5F-EAF0C1399C73}.Ad-Hoc|Any CPU.Deploy.0 = Release|Any CPU
		{8FF2F1AC-2984-4AD0-BE5F-EAF0C1399C73}.Ad-Hoc|ARM.ActiveCfg = Release|Any CPU
		{8FF2F1AC-2984-4AD0-BE5F-EAF0C1399C73}.Ad-Hoc|ARM.Build.0 = Release|Any CPU
		{8FF2F1AC-2984-4AD0-BE5F-EAF0C1399C73}.Ad-Hoc|ARM.Deploy.0 = Release|Any CPU
		{8FF2F1AC-2984-4AD0-BE5F-EAF0C1399C73}.Ad-Hoc|iPhone.ActiveCfg = Release|Any CPU
		{8FF2F1AC-2984-4AD0-BE5F-EAF0C1399C73}.Ad-Hoc|iPhone.Build.0 = Release|Any CPU
		{8FF2F1AC-2984-4AD0-BE5F-EAF0C1399C73}.Ad-Hoc|iPhone.Deploy.0 = Release|Any CPU
		{8FF2F1AC-2984-4AD0-BE5F-EAF0C1399C73}.Ad-Hoc|iPhoneSimulator.ActiveCfg = Release|Any CPU
		{8FF2F1AC-2984-4AD0-BE5F-EAF0C1399C73}.Ad-Hoc|iPhoneSimulator.Build.0 = Release|Any CPU
		{8FF2F1AC-2984-4AD0-BE5F-EAF0C1399C73}.Ad-Hoc|iPhoneSimulator.Deploy.0 = Release|Any CPU
		{8FF2F1AC-2984-4AD0-BE5F-EAF0C1399C73}.Ad-Hoc|x64.ActiveCfg = Release|Any CPU
		{8FF2F1AC-2984-4AD0-BE5F-EAF0C1399C73}.Ad-Hoc|x64.Build.0 = Release|Any CPU
		{8FF2F1AC-2984-4AD0-BE5F-EAF0C1399C73}.Ad-Hoc|x64.Deploy.0 = Release|Any CPU
		{8FF2F1AC-2984-4AD0-BE5F-EAF0C1399C73}.Ad-Hoc|x86.ActiveCfg = Release|Any CPU
		{8FF2F1AC-2984-4AD0-BE5F-EAF0C1399C73}.Ad-Hoc|x86.Build.0 = Release|Any CPU
		{8FF2F1AC-2984-4AD0-BE5F-EAF0C1399C73}.Ad-Hoc|x86.Deploy.0 = Release|Any CPU
		{8FF2F1AC-2984-4AD0-BE5F-EAF0C1399C73}.AppStore|Any CPU.ActiveCfg = Release|Any CPU
		{8FF2F1AC-2984-4AD0-BE5F-EAF0C1399C73}.AppStore|Any CPU.Build.0 = Release|Any CPU
		{8FF2F1AC-2984-4AD0-BE5F-EAF0C1399C73}.AppStore|Any CPU.Deploy.0 = Release|Any CPU
		{8FF2F1AC-2984-4AD0-BE5F-EAF0C1399C73}.AppStore|ARM.ActiveCfg = Release|Any CPU
		{8FF2F1AC-2984-4AD0-BE5F-EAF0C1399C73}.AppStore|ARM.Build.0 = Release|Any CPU
		{8FF2F1AC-2984-4AD0-BE5F-EAF0C1399C73}.AppStore|ARM.Deploy.0 = Release|Any CPU
		{8FF2F1AC-2984-4AD0-BE5F-EAF0C1399C73}.AppStore|iPhone.ActiveCfg = Release|Any CPU
		{8FF2F1AC-2984-4AD0-BE5F-EAF0C1399C73}.AppStore|iPhone.Build.0 = Release|Any CPU
		{8FF2F1AC-2984-4AD0-BE5F-EAF0C1399C73}.AppStore|iPhone.Deploy.0 = Release|Any CPU
		{8FF2F1AC-2984-4AD0-BE5F-EAF0C1399C73}.AppStore|iPhoneSimulator.ActiveCfg = Release|Any CPU
		{8FF2F1AC-2984-4AD0-BE5F-EAF0C1399C73}.AppStore|iPhoneSimulator.Build.0 = Release|Any CPU
		{8FF2F1AC-2984-4AD0-BE5F-EAF0C1399C73}.AppStore|iPhoneSimulator.Deploy.0 = Release|Any CPU
		{8FF2F1AC-2984-4AD0-BE5F-EAF0C1399C73}.AppStore|x64.ActiveCfg = Release|Any CPU
		{8FF2F1AC-2984-4AD0-BE5F-EAF0C1399C73}.AppStore|x64.Build.0 = Release|Any CPU
		{8FF2F1AC-2984-4AD0-BE5F-EAF0C1399C73}.AppStore|x64.Deploy.0 = Release|Any CPU
		{8FF2F1AC-2984-4AD0-BE5F-EAF0C1399C73}.AppStore|x86.ActiveCfg = Release|Any CPU
		{8FF2F1AC-2984-4AD0-BE5F-EAF0C1399C73}.AppStore|x86.Build.0 = Release|Any CPU
		{8FF2F1AC-2984-4AD0-BE5F-EAF0C1399C73}.AppStore|x86.Deploy.0 = Release|Any CPU
		{8FF2F1AC-2984-4AD0-BE5F-EAF0C1399C73}.Debug|Any CPU.ActiveCfg = Debug|Any CPU
		{8FF2F1AC-2984-4AD0-BE5F-EAF0C1399C73}.Debug|Any CPU.Build.0 = Debug|Any CPU
		{8FF2F1AC-2984-4AD0-BE5F-EAF0C1399C73}.Debug|Any CPU.Deploy.0 = Debug|Any CPU
		{8FF2F1AC-2984-4AD0-BE5F-EAF0C1399C73}.Debug|ARM.ActiveCfg = Debug|Any CPU
		{8FF2F1AC-2984-4AD0-BE5F-EAF0C1399C73}.Debug|ARM.Build.0 = Debug|Any CPU
		{8FF2F1AC-2984-4AD0-BE5F-EAF0C1399C73}.Debug|ARM.Deploy.0 = Debug|Any CPU
		{8FF2F1AC-2984-4AD0-BE5F-EAF0C1399C73}.Debug|iPhone.ActiveCfg = Debug|Any CPU
		{8FF2F1AC-2984-4AD0-BE5F-EAF0C1399C73}.Debug|iPhone.Build.0 = Debug|Any CPU
		{8FF2F1AC-2984-4AD0-BE5F-EAF0C1399C73}.Debug|iPhone.Deploy.0 = Debug|Any CPU
		{8FF2F1AC-2984-4AD0-BE5F-EAF0C1399C73}.Debug|iPhoneSimulator.ActiveCfg = Debug|Any CPU
		{8FF2F1AC-2984-4AD0-BE5F-EAF0C1399C73}.Debug|iPhoneSimulator.Build.0 = Debug|Any CPU
		{8FF2F1AC-2984-4AD0-BE5F-EAF0C1399C73}.Debug|iPhoneSimulator.Deploy.0 = Debug|Any CPU
		{8FF2F1AC-2984-4AD0-BE5F-EAF0C1399C73}.Debug|x64.ActiveCfg = Debug|Any CPU
		{8FF2F1AC-2984-4AD0-BE5F-EAF0C1399C73}.Debug|x64.Build.0 = Debug|Any CPU
		{8FF2F1AC-2984-4AD0-BE5F-EAF0C1399C73}.Debug|x64.Deploy.0 = Debug|Any CPU
		{8FF2F1AC-2984-4AD0-BE5F-EAF0C1399C73}.Debug|x86.ActiveCfg = Debug|Any CPU
		{8FF2F1AC-2984-4AD0-BE5F-EAF0C1399C73}.Debug|x86.Build.0 = Debug|Any CPU
		{8FF2F1AC-2984-4AD0-BE5F-EAF0C1399C73}.Debug|x86.Deploy.0 = Debug|Any CPU
		{8FF2F1AC-2984-4AD0-BE5F-EAF0C1399C73}.Release|Any CPU.ActiveCfg = Release|Any CPU
		{8FF2F1AC-2984-4AD0-BE5F-EAF0C1399C73}.Release|Any CPU.Build.0 = Release|Any CPU
		{8FF2F1AC-2984-4AD0-BE5F-EAF0C1399C73}.Release|Any CPU.Deploy.0 = Release|Any CPU
		{8FF2F1AC-2984-4AD0-BE5F-EAF0C1399C73}.Release|ARM.ActiveCfg = Release|Any CPU
		{8FF2F1AC-2984-4AD0-BE5F-EAF0C1399C73}.Release|ARM.Build.0 = Release|Any CPU
		{8FF2F1AC-2984-4AD0-BE5F-EAF0C1399C73}.Release|ARM.Deploy.0 = Release|Any CPU
		{8FF2F1AC-2984-4AD0-BE5F-EAF0C1399C73}.Release|iPhone.ActiveCfg = Release|Any CPU
		{8FF2F1AC-2984-4AD0-BE5F-EAF0C1399C73}.Release|iPhone.Build.0 = Release|Any CPU
		{8FF2F1AC-2984-4AD0-BE5F-EAF0C1399C73}.Release|iPhone.Deploy.0 = Release|Any CPU
		{8FF2F1AC-2984-4AD0-BE5F-EAF0C1399C73}.Release|iPhoneSimulator.ActiveCfg = Release|Any CPU
		{8FF2F1AC-2984-4AD0-BE5F-EAF0C1399C73}.Release|iPhoneSimulator.Build.0 = Release|Any CPU
		{8FF2F1AC-2984-4AD0-BE5F-EAF0C1399C73}.Release|iPhoneSimulator.Deploy.0 = Release|Any CPU
		{8FF2F1AC-2984-4AD0-BE5F-EAF0C1399C73}.Release|x64.ActiveCfg = Release|Any CPU
		{8FF2F1AC-2984-4AD0-BE5F-EAF0C1399C73}.Release|x64.Build.0 = Release|Any CPU
		{8FF2F1AC-2984-4AD0-BE5F-EAF0C1399C73}.Release|x64.Deploy.0 = Release|Any CPU
		{8FF2F1AC-2984-4AD0-BE5F-EAF0C1399C73}.Release|x86.ActiveCfg = Release|Any CPU
		{8FF2F1AC-2984-4AD0-BE5F-EAF0C1399C73}.Release|x86.Build.0 = Release|Any CPU
		{8FF2F1AC-2984-4AD0-BE5F-EAF0C1399C73}.Release|x86.Deploy.0 = Release|Any CPU
		{8CE9DE1D-0167-4582-BEDF-482E034F9212}.Ad-Hoc|Any CPU.ActiveCfg = Ad-Hoc|iPhone
		{8CE9DE1D-0167-4582-BEDF-482E034F9212}.Ad-Hoc|ARM.ActiveCfg = Ad-Hoc|iPhone
		{8CE9DE1D-0167-4582-BEDF-482E034F9212}.Ad-Hoc|iPhone.ActiveCfg = Ad-Hoc|iPhone
		{8CE9DE1D-0167-4582-BEDF-482E034F9212}.Ad-Hoc|iPhone.Build.0 = Ad-Hoc|iPhone
		{8CE9DE1D-0167-4582-BEDF-482E034F9212}.Ad-Hoc|iPhoneSimulator.ActiveCfg = Ad-Hoc|iPhoneSimulator
		{8CE9DE1D-0167-4582-BEDF-482E034F9212}.Ad-Hoc|iPhoneSimulator.Build.0 = Ad-Hoc|iPhoneSimulator
		{8CE9DE1D-0167-4582-BEDF-482E034F9212}.Ad-Hoc|x64.ActiveCfg = Ad-Hoc|iPhone
		{8CE9DE1D-0167-4582-BEDF-482E034F9212}.Ad-Hoc|x86.ActiveCfg = Ad-Hoc|iPhone
		{8CE9DE1D-0167-4582-BEDF-482E034F9212}.AppStore|Any CPU.ActiveCfg = AppStore|iPhone
		{8CE9DE1D-0167-4582-BEDF-482E034F9212}.AppStore|ARM.ActiveCfg = AppStore|iPhone
		{8CE9DE1D-0167-4582-BEDF-482E034F9212}.AppStore|iPhone.ActiveCfg = AppStore|iPhone
		{8CE9DE1D-0167-4582-BEDF-482E034F9212}.AppStore|iPhone.Build.0 = AppStore|iPhone
		{8CE9DE1D-0167-4582-BEDF-482E034F9212}.AppStore|iPhoneSimulator.ActiveCfg = AppStore|iPhoneSimulator
		{8CE9DE1D-0167-4582-BEDF-482E034F9212}.AppStore|iPhoneSimulator.Build.0 = AppStore|iPhoneSimulator
		{8CE9DE1D-0167-4582-BEDF-482E034F9212}.AppStore|x64.ActiveCfg = AppStore|iPhone
		{8CE9DE1D-0167-4582-BEDF-482E034F9212}.AppStore|x86.ActiveCfg = AppStore|iPhone
		{8CE9DE1D-0167-4582-BEDF-482E034F9212}.Debug|Any CPU.ActiveCfg = Debug|iPhone
		{8CE9DE1D-0167-4582-BEDF-482E034F9212}.Debug|ARM.ActiveCfg = Debug|iPhone
		{8CE9DE1D-0167-4582-BEDF-482E034F9212}.Debug|iPhone.ActiveCfg = Debug|iPhone
		{8CE9DE1D-0167-4582-BEDF-482E034F9212}.Debug|iPhone.Build.0 = Debug|iPhone
		{8CE9DE1D-0167-4582-BEDF-482E034F9212}.Debug|iPhoneSimulator.ActiveCfg = Debug|iPhoneSimulator
		{8CE9DE1D-0167-4582-BEDF-482E034F9212}.Debug|iPhoneSimulator.Build.0 = Debug|iPhoneSimulator
		{8CE9DE1D-0167-4582-BEDF-482E034F9212}.Debug|x64.ActiveCfg = Debug|iPhone
		{8CE9DE1D-0167-4582-BEDF-482E034F9212}.Debug|x86.ActiveCfg = Debug|iPhone
		{8CE9DE1D-0167-4582-BEDF-482E034F9212}.Release|Any CPU.ActiveCfg = Release|iPhone
		{8CE9DE1D-0167-4582-BEDF-482E034F9212}.Release|ARM.ActiveCfg = Release|iPhone
		{8CE9DE1D-0167-4582-BEDF-482E034F9212}.Release|iPhone.ActiveCfg = Release|iPhone
		{8CE9DE1D-0167-4582-BEDF-482E034F9212}.Release|iPhone.Build.0 = Release|iPhone
		{8CE9DE1D-0167-4582-BEDF-482E034F9212}.Release|iPhoneSimulator.ActiveCfg = Release|iPhoneSimulator
		{8CE9DE1D-0167-4582-BEDF-482E034F9212}.Release|iPhoneSimulator.Build.0 = Release|iPhoneSimulator
		{8CE9DE1D-0167-4582-BEDF-482E034F9212}.Release|x64.ActiveCfg = Release|iPhone
		{8CE9DE1D-0167-4582-BEDF-482E034F9212}.Release|x86.ActiveCfg = Release|iPhone
		{12355CAB-68D8-40C6-92A9-FA3303B3F9F4}.Ad-Hoc|Any CPU.ActiveCfg = Release|Any CPU
		{12355CAB-68D8-40C6-92A9-FA3303B3F9F4}.Ad-Hoc|Any CPU.Build.0 = Release|Any CPU
		{12355CAB-68D8-40C6-92A9-FA3303B3F9F4}.Ad-Hoc|Any CPU.Deploy.0 = Release|Any CPU
		{12355CAB-68D8-40C6-92A9-FA3303B3F9F4}.Ad-Hoc|ARM.ActiveCfg = Release|ARM
		{12355CAB-68D8-40C6-92A9-FA3303B3F9F4}.Ad-Hoc|ARM.Build.0 = Release|ARM
		{12355CAB-68D8-40C6-92A9-FA3303B3F9F4}.Ad-Hoc|ARM.Deploy.0 = Release|ARM
		{12355CAB-68D8-40C6-92A9-FA3303B3F9F4}.Ad-Hoc|iPhone.ActiveCfg = Release|Any CPU
		{12355CAB-68D8-40C6-92A9-FA3303B3F9F4}.Ad-Hoc|iPhone.Build.0 = Release|Any CPU
		{12355CAB-68D8-40C6-92A9-FA3303B3F9F4}.Ad-Hoc|iPhone.Deploy.0 = Release|Any CPU
		{12355CAB-68D8-40C6-92A9-FA3303B3F9F4}.Ad-Hoc|iPhoneSimulator.ActiveCfg = Release|Any CPU
		{12355CAB-68D8-40C6-92A9-FA3303B3F9F4}.Ad-Hoc|iPhoneSimulator.Build.0 = Release|Any CPU
		{12355CAB-68D8-40C6-92A9-FA3303B3F9F4}.Ad-Hoc|iPhoneSimulator.Deploy.0 = Release|Any CPU
		{12355CAB-68D8-40C6-92A9-FA3303B3F9F4}.Ad-Hoc|x64.ActiveCfg = Release|Any CPU
		{12355CAB-68D8-40C6-92A9-FA3303B3F9F4}.Ad-Hoc|x64.Build.0 = Release|Any CPU
		{12355CAB-68D8-40C6-92A9-FA3303B3F9F4}.Ad-Hoc|x64.Deploy.0 = Release|Any CPU
		{12355CAB-68D8-40C6-92A9-FA3303B3F9F4}.Ad-Hoc|x86.ActiveCfg = Release|x86
		{12355CAB-68D8-40C6-92A9-FA3303B3F9F4}.Ad-Hoc|x86.Build.0 = Release|x86
		{12355CAB-68D8-40C6-92A9-FA3303B3F9F4}.Ad-Hoc|x86.Deploy.0 = Release|x86
		{12355CAB-68D8-40C6-92A9-FA3303B3F9F4}.AppStore|Any CPU.ActiveCfg = Release|Any CPU
		{12355CAB-68D8-40C6-92A9-FA3303B3F9F4}.AppStore|Any CPU.Build.0 = Release|Any CPU
		{12355CAB-68D8-40C6-92A9-FA3303B3F9F4}.AppStore|Any CPU.Deploy.0 = Release|Any CPU
		{12355CAB-68D8-40C6-92A9-FA3303B3F9F4}.AppStore|ARM.ActiveCfg = Release|ARM
		{12355CAB-68D8-40C6-92A9-FA3303B3F9F4}.AppStore|ARM.Build.0 = Release|ARM
		{12355CAB-68D8-40C6-92A9-FA3303B3F9F4}.AppStore|ARM.Deploy.0 = Release|ARM
		{12355CAB-68D8-40C6-92A9-FA3303B3F9F4}.AppStore|iPhone.ActiveCfg = Release|Any CPU
		{12355CAB-68D8-40C6-92A9-FA3303B3F9F4}.AppStore|iPhone.Build.0 = Release|Any CPU
		{12355CAB-68D8-40C6-92A9-FA3303B3F9F4}.AppStore|iPhone.Deploy.0 = Release|Any CPU
		{12355CAB-68D8-40C6-92A9-FA3303B3F9F4}.AppStore|iPhoneSimulator.ActiveCfg = Release|Any CPU
		{12355CAB-68D8-40C6-92A9-FA3303B3F9F4}.AppStore|iPhoneSimulator.Build.0 = Release|Any CPU
		{12355CAB-68D8-40C6-92A9-FA3303B3F9F4}.AppStore|iPhoneSimulator.Deploy.0 = Release|Any CPU
		{12355CAB-68D8-40C6-92A9-FA3303B3F9F4}.AppStore|x64.ActiveCfg = Release|Any CPU
		{12355CAB-68D8-40C6-92A9-FA3303B3F9F4}.AppStore|x64.Build.0 = Release|Any CPU
		{12355CAB-68D8-40C6-92A9-FA3303B3F9F4}.AppStore|x64.Deploy.0 = Release|Any CPU
		{12355CAB-68D8-40C6-92A9-FA3303B3F9F4}.AppStore|x86.ActiveCfg = Release|x86
		{12355CAB-68D8-40C6-92A9-FA3303B3F9F4}.AppStore|x86.Build.0 = Release|x86
		{12355CAB-68D8-40C6-92A9-FA3303B3F9F4}.AppStore|x86.Deploy.0 = Release|x86
		{12355CAB-68D8-40C6-92A9-FA3303B3F9F4}.Debug|Any CPU.ActiveCfg = Debug|Any CPU
		{12355CAB-68D8-40C6-92A9-FA3303B3F9F4}.Debug|ARM.ActiveCfg = Debug|ARM
		{12355CAB-68D8-40C6-92A9-FA3303B3F9F4}.Debug|ARM.Build.0 = Debug|ARM
		{12355CAB-68D8-40C6-92A9-FA3303B3F9F4}.Debug|ARM.Deploy.0 = Debug|ARM
		{12355CAB-68D8-40C6-92A9-FA3303B3F9F4}.Debug|iPhone.ActiveCfg = Debug|Any CPU
		{12355CAB-68D8-40C6-92A9-FA3303B3F9F4}.Debug|iPhone.Build.0 = Debug|Any CPU
		{12355CAB-68D8-40C6-92A9-FA3303B3F9F4}.Debug|iPhone.Deploy.0 = Debug|Any CPU
		{12355CAB-68D8-40C6-92A9-FA3303B3F9F4}.Debug|iPhoneSimulator.ActiveCfg = Debug|Any CPU
		{12355CAB-68D8-40C6-92A9-FA3303B3F9F4}.Debug|iPhoneSimulator.Build.0 = Debug|Any CPU
		{12355CAB-68D8-40C6-92A9-FA3303B3F9F4}.Debug|iPhoneSimulator.Deploy.0 = Debug|Any CPU
		{12355CAB-68D8-40C6-92A9-FA3303B3F9F4}.Debug|x64.ActiveCfg = Debug|Any CPU
		{12355CAB-68D8-40C6-92A9-FA3303B3F9F4}.Debug|x64.Build.0 = Debug|Any CPU
		{12355CAB-68D8-40C6-92A9-FA3303B3F9F4}.Debug|x64.Deploy.0 = Debug|Any CPU
		{12355CAB-68D8-40C6-92A9-FA3303B3F9F4}.Debug|x86.ActiveCfg = Debug|x86
		{12355CAB-68D8-40C6-92A9-FA3303B3F9F4}.Debug|x86.Build.0 = Debug|x86
		{12355CAB-68D8-40C6-92A9-FA3303B3F9F4}.Debug|x86.Deploy.0 = Debug|x86
		{12355CAB-68D8-40C6-92A9-FA3303B3F9F4}.Release|Any CPU.ActiveCfg = Release|Any CPU
		{12355CAB-68D8-40C6-92A9-FA3303B3F9F4}.Release|Any CPU.Build.0 = Release|Any CPU
		{12355CAB-68D8-40C6-92A9-FA3303B3F9F4}.Release|Any CPU.Deploy.0 = Release|Any CPU
		{12355CAB-68D8-40C6-92A9-FA3303B3F9F4}.Release|ARM.ActiveCfg = Release|ARM
		{12355CAB-68D8-40C6-92A9-FA3303B3F9F4}.Release|ARM.Build.0 = Release|ARM
		{12355CAB-68D8-40C6-92A9-FA3303B3F9F4}.Release|ARM.Deploy.0 = Release|ARM
		{12355CAB-68D8-40C6-92A9-FA3303B3F9F4}.Release|iPhone.ActiveCfg = Release|Any CPU
		{12355CAB-68D8-40C6-92A9-FA3303B3F9F4}.Release|iPhone.Build.0 = Release|Any CPU
		{12355CAB-68D8-40C6-92A9-FA3303B3F9F4}.Release|iPhone.Deploy.0 = Release|Any CPU
		{12355CAB-68D8-40C6-92A9-FA3303B3F9F4}.Release|iPhoneSimulator.ActiveCfg = Release|Any CPU
		{12355CAB-68D8-40C6-92A9-FA3303B3F9F4}.Release|iPhoneSimulator.Build.0 = Release|Any CPU
		{12355CAB-68D8-40C6-92A9-FA3303B3F9F4}.Release|iPhoneSimulator.Deploy.0 = Release|Any CPU
		{12355CAB-68D8-40C6-92A9-FA3303B3F9F4}.Release|x64.ActiveCfg = Release|Any CPU
		{12355CAB-68D8-40C6-92A9-FA3303B3F9F4}.Release|x64.Build.0 = Release|Any CPU
		{12355CAB-68D8-40C6-92A9-FA3303B3F9F4}.Release|x64.Deploy.0 = Release|Any CPU
		{12355CAB-68D8-40C6-92A9-FA3303B3F9F4}.Release|x86.ActiveCfg = Release|x86
		{12355CAB-68D8-40C6-92A9-FA3303B3F9F4}.Release|x86.Build.0 = Release|x86
		{12355CAB-68D8-40C6-92A9-FA3303B3F9F4}.Release|x86.Deploy.0 = Release|x86
		{856D106C-49C7-4497-8E22-68E2CFBA7E3C}.Ad-Hoc|Any CPU.ActiveCfg = Release|x86
		{856D106C-49C7-4497-8E22-68E2CFBA7E3C}.Ad-Hoc|Any CPU.Build.0 = Release|x86
		{856D106C-49C7-4497-8E22-68E2CFBA7E3C}.Ad-Hoc|Any CPU.Deploy.0 = Release|x86
		{856D106C-49C7-4497-8E22-68E2CFBA7E3C}.Ad-Hoc|ARM.ActiveCfg = Release|ARM
		{856D106C-49C7-4497-8E22-68E2CFBA7E3C}.Ad-Hoc|ARM.Build.0 = Release|ARM
		{856D106C-49C7-4497-8E22-68E2CFBA7E3C}.Ad-Hoc|ARM.Deploy.0 = Release|ARM
		{856D106C-49C7-4497-8E22-68E2CFBA7E3C}.Ad-Hoc|iPhone.ActiveCfg = Release|x86
		{856D106C-49C7-4497-8E22-68E2CFBA7E3C}.Ad-Hoc|iPhone.Build.0 = Release|x86
		{856D106C-49C7-4497-8E22-68E2CFBA7E3C}.Ad-Hoc|iPhone.Deploy.0 = Release|x86
		{856D106C-49C7-4497-8E22-68E2CFBA7E3C}.Ad-Hoc|iPhoneSimulator.ActiveCfg = Release|x86
		{856D106C-49C7-4497-8E22-68E2CFBA7E3C}.Ad-Hoc|iPhoneSimulator.Build.0 = Release|x86
		{856D106C-49C7-4497-8E22-68E2CFBA7E3C}.Ad-Hoc|iPhoneSimulator.Deploy.0 = Release|x86
		{856D106C-49C7-4497-8E22-68E2CFBA7E3C}.Ad-Hoc|x64.ActiveCfg = Release|x64
		{856D106C-49C7-4497-8E22-68E2CFBA7E3C}.Ad-Hoc|x64.Build.0 = Release|x64
		{856D106C-49C7-4497-8E22-68E2CFBA7E3C}.Ad-Hoc|x64.Deploy.0 = Release|x64
		{856D106C-49C7-4497-8E22-68E2CFBA7E3C}.Ad-Hoc|x86.ActiveCfg = Release|x86
		{856D106C-49C7-4497-8E22-68E2CFBA7E3C}.Ad-Hoc|x86.Build.0 = Release|x86
		{856D106C-49C7-4497-8E22-68E2CFBA7E3C}.Ad-Hoc|x86.Deploy.0 = Release|x86
		{856D106C-49C7-4497-8E22-68E2CFBA7E3C}.AppStore|Any CPU.ActiveCfg = Release|x86
		{856D106C-49C7-4497-8E22-68E2CFBA7E3C}.AppStore|Any CPU.Build.0 = Release|x86
		{856D106C-49C7-4497-8E22-68E2CFBA7E3C}.AppStore|Any CPU.Deploy.0 = Release|x86
		{856D106C-49C7-4497-8E22-68E2CFBA7E3C}.AppStore|ARM.ActiveCfg = Release|ARM
		{856D106C-49C7-4497-8E22-68E2CFBA7E3C}.AppStore|ARM.Build.0 = Release|ARM
		{856D106C-49C7-4497-8E22-68E2CFBA7E3C}.AppStore|ARM.Deploy.0 = Release|ARM
		{856D106C-49C7-4497-8E22-68E2CFBA7E3C}.AppStore|iPhone.ActiveCfg = Release|x86
		{856D106C-49C7-4497-8E22-68E2CFBA7E3C}.AppStore|iPhone.Build.0 = Release|x86
		{856D106C-49C7-4497-8E22-68E2CFBA7E3C}.AppStore|iPhone.Deploy.0 = Release|x86
		{856D106C-49C7-4497-8E22-68E2CFBA7E3C}.AppStore|iPhoneSimulator.ActiveCfg = Release|x86
		{856D106C-49C7-4497-8E22-68E2CFBA7E3C}.AppStore|iPhoneSimulator.Build.0 = Release|x86
		{856D106C-49C7-4497-8E22-68E2CFBA7E3C}.AppStore|iPhoneSimulator.Deploy.0 = Release|x86
		{856D106C-49C7-4497-8E22-68E2CFBA7E3C}.AppStore|x64.ActiveCfg = Release|x64
		{856D106C-49C7-4497-8E22-68E2CFBA7E3C}.AppStore|x64.Build.0 = Release|x64
		{856D106C-49C7-4497-8E22-68E2CFBA7E3C}.AppStore|x64.Deploy.0 = Release|x64
		{856D106C-49C7-4497-8E22-68E2CFBA7E3C}.AppStore|x86.ActiveCfg = Release|x86
		{856D106C-49C7-4497-8E22-68E2CFBA7E3C}.AppStore|x86.Build.0 = Release|x86
		{856D106C-49C7-4497-8E22-68E2CFBA7E3C}.AppStore|x86.Deploy.0 = Release|x86
		{856D106C-49C7-4497-8E22-68E2CFBA7E3C}.Debug|Any CPU.ActiveCfg = Debug|x86
		{856D106C-49C7-4497-8E22-68E2CFBA7E3C}.Debug|Any CPU.Build.0 = Debug|x86
		{856D106C-49C7-4497-8E22-68E2CFBA7E3C}.Debug|Any CPU.Deploy.0 = Debug|x86
		{856D106C-49C7-4497-8E22-68E2CFBA7E3C}.Debug|ARM.ActiveCfg = Debug|ARM
		{856D106C-49C7-4497-8E22-68E2CFBA7E3C}.Debug|ARM.Build.0 = Debug|ARM
		{856D106C-49C7-4497-8E22-68E2CFBA7E3C}.Debug|ARM.Deploy.0 = Debug|ARM
		{856D106C-49C7-4497-8E22-68E2CFBA7E3C}.Debug|iPhone.ActiveCfg = Debug|x86
		{856D106C-49C7-4497-8E22-68E2CFBA7E3C}.Debug|iPhoneSimulator.ActiveCfg = Debug|x86
		{856D106C-49C7-4497-8E22-68E2CFBA7E3C}.Debug|x64.ActiveCfg = Debug|x64
		{856D106C-49C7-4497-8E22-68E2CFBA7E3C}.Debug|x64.Build.0 = Debug|x64
		{856D106C-49C7-4497-8E22-68E2CFBA7E3C}.Debug|x64.Deploy.0 = Debug|x64
		{856D106C-49C7-4497-8E22-68E2CFBA7E3C}.Debug|x86.ActiveCfg = Debug|x86
		{856D106C-49C7-4497-8E22-68E2CFBA7E3C}.Debug|x86.Build.0 = Debug|x86
		{856D106C-49C7-4497-8E22-68E2CFBA7E3C}.Debug|x86.Deploy.0 = Debug|x86
		{856D106C-49C7-4497-8E22-68E2CFBA7E3C}.Release|Any CPU.ActiveCfg = Release|x86
		{856D106C-49C7-4497-8E22-68E2CFBA7E3C}.Release|ARM.ActiveCfg = Release|ARM
		{856D106C-49C7-4497-8E22-68E2CFBA7E3C}.Release|ARM.Build.0 = Release|ARM
		{856D106C-49C7-4497-8E22-68E2CFBA7E3C}.Release|ARM.Deploy.0 = Release|ARM
		{856D106C-49C7-4497-8E22-68E2CFBA7E3C}.Release|iPhone.ActiveCfg = Release|x86
		{856D106C-49C7-4497-8E22-68E2CFBA7E3C}.Release|iPhoneSimulator.ActiveCfg = Release|x86
		{856D106C-49C7-4497-8E22-68E2CFBA7E3C}.Release|x64.ActiveCfg = Release|x64
		{856D106C-49C7-4497-8E22-68E2CFBA7E3C}.Release|x64.Build.0 = Release|x64
		{856D106C-49C7-4497-8E22-68E2CFBA7E3C}.Release|x64.Deploy.0 = Release|x64
		{856D106C-49C7-4497-8E22-68E2CFBA7E3C}.Release|x86.ActiveCfg = Release|x86
		{856D106C-49C7-4497-8E22-68E2CFBA7E3C}.Release|x86.Build.0 = Release|x86
		{856D106C-49C7-4497-8E22-68E2CFBA7E3C}.Release|x86.Deploy.0 = Release|x86
		{DA28A4AE-284C-4B91-A187-4F4FAF04C838}.Ad-Hoc|Any CPU.ActiveCfg = Release|Any CPU
		{DA28A4AE-284C-4B91-A187-4F4FAF04C838}.Ad-Hoc|Any CPU.Build.0 = Release|Any CPU
		{DA28A4AE-284C-4B91-A187-4F4FAF04C838}.Ad-Hoc|Any CPU.Deploy.0 = Release|Any CPU
		{DA28A4AE-284C-4B91-A187-4F4FAF04C838}.Ad-Hoc|ARM.ActiveCfg = Release|ARM
		{DA28A4AE-284C-4B91-A187-4F4FAF04C838}.Ad-Hoc|ARM.Build.0 = Release|ARM
		{DA28A4AE-284C-4B91-A187-4F4FAF04C838}.Ad-Hoc|ARM.Deploy.0 = Release|ARM
		{DA28A4AE-284C-4B91-A187-4F4FAF04C838}.Ad-Hoc|iPhone.ActiveCfg = Release|Any CPU
		{DA28A4AE-284C-4B91-A187-4F4FAF04C838}.Ad-Hoc|iPhone.Build.0 = Release|Any CPU
		{DA28A4AE-284C-4B91-A187-4F4FAF04C838}.Ad-Hoc|iPhone.Deploy.0 = Release|Any CPU
		{DA28A4AE-284C-4B91-A187-4F4FAF04C838}.Ad-Hoc|iPhoneSimulator.ActiveCfg = Release|Any CPU
		{DA28A4AE-284C-4B91-A187-4F4FAF04C838}.Ad-Hoc|iPhoneSimulator.Build.0 = Release|Any CPU
		{DA28A4AE-284C-4B91-A187-4F4FAF04C838}.Ad-Hoc|iPhoneSimulator.Deploy.0 = Release|Any CPU
		{DA28A4AE-284C-4B91-A187-4F4FAF04C838}.Ad-Hoc|x64.ActiveCfg = Release|x64
		{DA28A4AE-284C-4B91-A187-4F4FAF04C838}.Ad-Hoc|x64.Build.0 = Release|x64
		{DA28A4AE-284C-4B91-A187-4F4FAF04C838}.Ad-Hoc|x64.Deploy.0 = Release|x64
		{DA28A4AE-284C-4B91-A187-4F4FAF04C838}.Ad-Hoc|x86.ActiveCfg = Release|x86
		{DA28A4AE-284C-4B91-A187-4F4FAF04C838}.Ad-Hoc|x86.Build.0 = Release|x86
		{DA28A4AE-284C-4B91-A187-4F4FAF04C838}.Ad-Hoc|x86.Deploy.0 = Release|x86
		{DA28A4AE-284C-4B91-A187-4F4FAF04C838}.AppStore|Any CPU.ActiveCfg = Release|Any CPU
		{DA28A4AE-284C-4B91-A187-4F4FAF04C838}.AppStore|Any CPU.Build.0 = Release|Any CPU
		{DA28A4AE-284C-4B91-A187-4F4FAF04C838}.AppStore|Any CPU.Deploy.0 = Release|Any CPU
		{DA28A4AE-284C-4B91-A187-4F4FAF04C838}.AppStore|ARM.ActiveCfg = Release|ARM
		{DA28A4AE-284C-4B91-A187-4F4FAF04C838}.AppStore|ARM.Build.0 = Release|ARM
		{DA28A4AE-284C-4B91-A187-4F4FAF04C838}.AppStore|ARM.Deploy.0 = Release|ARM
		{DA28A4AE-284C-4B91-A187-4F4FAF04C838}.AppStore|iPhone.ActiveCfg = Release|Any CPU
		{DA28A4AE-284C-4B91-A187-4F4FAF04C838}.AppStore|iPhone.Build.0 = Release|Any CPU
		{DA28A4AE-284C-4B91-A187-4F4FAF04C838}.AppStore|iPhone.Deploy.0 = Release|Any CPU
		{DA28A4AE-284C-4B91-A187-4F4FAF04C838}.AppStore|iPhoneSimulator.ActiveCfg = Release|Any CPU
		{DA28A4AE-284C-4B91-A187-4F4FAF04C838}.AppStore|iPhoneSimulator.Build.0 = Release|Any CPU
		{DA28A4AE-284C-4B91-A187-4F4FAF04C838}.AppStore|iPhoneSimulator.Deploy.0 = Release|Any CPU
		{DA28A4AE-284C-4B91-A187-4F4FAF04C838}.AppStore|x64.ActiveCfg = Release|x64
		{DA28A4AE-284C-4B91-A187-4F4FAF04C838}.AppStore|x64.Build.0 = Release|x64
		{DA28A4AE-284C-4B91-A187-4F4FAF04C838}.AppStore|x64.Deploy.0 = Release|x64
		{DA28A4AE-284C-4B91-A187-4F4FAF04C838}.AppStore|x86.ActiveCfg = Release|x86
		{DA28A4AE-284C-4B91-A187-4F4FAF04C838}.AppStore|x86.Build.0 = Release|x86
		{DA28A4AE-284C-4B91-A187-4F4FAF04C838}.AppStore|x86.Deploy.0 = Release|x86
		{DA28A4AE-284C-4B91-A187-4F4FAF04C838}.Debug|Any CPU.ActiveCfg = Debug|Any CPU
		{DA28A4AE-284C-4B91-A187-4F4FAF04C838}.Debug|ARM.ActiveCfg = Debug|ARM
		{DA28A4AE-284C-4B91-A187-4F4FAF04C838}.Debug|ARM.Build.0 = Debug|ARM
		{DA28A4AE-284C-4B91-A187-4F4FAF04C838}.Debug|ARM.Deploy.0 = Debug|ARM
		{DA28A4AE-284C-4B91-A187-4F4FAF04C838}.Debug|iPhone.ActiveCfg = Debug|Any CPU
		{DA28A4AE-284C-4B91-A187-4F4FAF04C838}.Debug|iPhone.Build.0 = Debug|Any CPU
		{DA28A4AE-284C-4B91-A187-4F4FAF04C838}.Debug|iPhone.Deploy.0 = Debug|Any CPU
		{DA28A4AE-284C-4B91-A187-4F4FAF04C838}.Debug|iPhoneSimulator.ActiveCfg = Debug|Any CPU
		{DA28A4AE-284C-4B91-A187-4F4FAF04C838}.Debug|iPhoneSimulator.Build.0 = Debug|Any CPU
		{DA28A4AE-284C-4B91-A187-4F4FAF04C838}.Debug|iPhoneSimulator.Deploy.0 = Debug|Any CPU
		{DA28A4AE-284C-4B91-A187-4F4FAF04C838}.Debug|x64.ActiveCfg = Debug|x64
		{DA28A4AE-284C-4B91-A187-4F4FAF04C838}.Debug|x64.Build.0 = Debug|x64
		{DA28A4AE-284C-4B91-A187-4F4FAF04C838}.Debug|x64.Deploy.0 = Debug|x64
		{DA28A4AE-284C-4B91-A187-4F4FAF04C838}.Debug|x86.ActiveCfg = Debug|x86
		{DA28A4AE-284C-4B91-A187-4F4FAF04C838}.Debug|x86.Build.0 = Debug|x86
		{DA28A4AE-284C-4B91-A187-4F4FAF04C838}.Debug|x86.Deploy.0 = Debug|x86
		{DA28A4AE-284C-4B91-A187-4F4FAF04C838}.Release|Any CPU.ActiveCfg = Release|Any CPU
		{DA28A4AE-284C-4B91-A187-4F4FAF04C838}.Release|Any CPU.Build.0 = Release|Any CPU
		{DA28A4AE-284C-4B91-A187-4F4FAF04C838}.Release|Any CPU.Deploy.0 = Release|Any CPU
		{DA28A4AE-284C-4B91-A187-4F4FAF04C838}.Release|ARM.ActiveCfg = Release|ARM
		{DA28A4AE-284C-4B91-A187-4F4FAF04C838}.Release|ARM.Build.0 = Release|ARM
		{DA28A4AE-284C-4B91-A187-4F4FAF04C838}.Release|ARM.Deploy.0 = Release|ARM
		{DA28A4AE-284C-4B91-A187-4F4FAF04C838}.Release|iPhone.ActiveCfg = Release|Any CPU
		{DA28A4AE-284C-4B91-A187-4F4FAF04C838}.Release|iPhone.Build.0 = Release|Any CPU
		{DA28A4AE-284C-4B91-A187-4F4FAF04C838}.Release|iPhone.Deploy.0 = Release|Any CPU
		{DA28A4AE-284C-4B91-A187-4F4FAF04C838}.Release|iPhoneSimulator.ActiveCfg = Release|Any CPU
		{DA28A4AE-284C-4B91-A187-4F4FAF04C838}.Release|iPhoneSimulator.Build.0 = Release|Any CPU
		{DA28A4AE-284C-4B91-A187-4F4FAF04C838}.Release|iPhoneSimulator.Deploy.0 = Release|Any CPU
		{DA28A4AE-284C-4B91-A187-4F4FAF04C838}.Release|x64.ActiveCfg = Release|x64
		{DA28A4AE-284C-4B91-A187-4F4FAF04C838}.Release|x64.Build.0 = Release|x64
		{DA28A4AE-284C-4B91-A187-4F4FAF04C838}.Release|x64.Deploy.0 = Release|x64
		{DA28A4AE-284C-4B91-A187-4F4FAF04C838}.Release|x86.ActiveCfg = Release|x86
		{DA28A4AE-284C-4B91-A187-4F4FAF04C838}.Release|x86.Build.0 = Release|x86
		{DA28A4AE-284C-4B91-A187-4F4FAF04C838}.Release|x86.Deploy.0 = Release|x86
		{F216124F-6D33-4863-B437-67A661AE07D7}.Ad-Hoc|Any CPU.ActiveCfg = Release|Any CPU
		{F216124F-6D33-4863-B437-67A661AE07D7}.Ad-Hoc|Any CPU.Build.0 = Release|Any CPU
		{F216124F-6D33-4863-B437-67A661AE07D7}.Ad-Hoc|ARM.ActiveCfg = Release|Any CPU
		{F216124F-6D33-4863-B437-67A661AE07D7}.Ad-Hoc|ARM.Build.0 = Release|Any CPU
		{F216124F-6D33-4863-B437-67A661AE07D7}.Ad-Hoc|iPhone.ActiveCfg = Release|Any CPU
		{F216124F-6D33-4863-B437-67A661AE07D7}.Ad-Hoc|iPhone.Build.0 = Release|Any CPU
		{F216124F-6D33-4863-B437-67A661AE07D7}.Ad-Hoc|iPhoneSimulator.ActiveCfg = Release|Any CPU
		{F216124F-6D33-4863-B437-67A661AE07D7}.Ad-Hoc|iPhoneSimulator.Build.0 = Release|Any CPU
		{F216124F-6D33-4863-B437-67A661AE07D7}.Ad-Hoc|x64.ActiveCfg = Release|Any CPU
		{F216124F-6D33-4863-B437-67A661AE07D7}.Ad-Hoc|x64.Build.0 = Release|Any CPU
		{F216124F-6D33-4863-B437-67A661AE07D7}.Ad-Hoc|x86.ActiveCfg = Release|Any CPU
		{F216124F-6D33-4863-B437-67A661AE07D7}.Ad-Hoc|x86.Build.0 = Release|Any CPU
		{F216124F-6D33-4863-B437-67A661AE07D7}.AppStore|Any CPU.ActiveCfg = Release|Any CPU
		{F216124F-6D33-4863-B437-67A661AE07D7}.AppStore|Any CPU.Build.0 = Release|Any CPU
		{F216124F-6D33-4863-B437-67A661AE07D7}.AppStore|ARM.ActiveCfg = Release|Any CPU
		{F216124F-6D33-4863-B437-67A661AE07D7}.AppStore|ARM.Build.0 = Release|Any CPU
		{F216124F-6D33-4863-B437-67A661AE07D7}.AppStore|iPhone.ActiveCfg = Release|Any CPU
		{F216124F-6D33-4863-B437-67A661AE07D7}.AppStore|iPhone.Build.0 = Release|Any CPU
		{F216124F-6D33-4863-B437-67A661AE07D7}.AppStore|iPhoneSimulator.ActiveCfg = Release|Any CPU
		{F216124F-6D33-4863-B437-67A661AE07D7}.AppStore|iPhoneSimulator.Build.0 = Release|Any CPU
		{F216124F-6D33-4863-B437-67A661AE07D7}.AppStore|x64.ActiveCfg = Release|Any CPU
		{F216124F-6D33-4863-B437-67A661AE07D7}.AppStore|x64.Build.0 = Release|Any CPU
		{F216124F-6D33-4863-B437-67A661AE07D7}.AppStore|x86.ActiveCfg = Release|Any CPU
		{F216124F-6D33-4863-B437-67A661AE07D7}.AppStore|x86.Build.0 = Release|Any CPU
		{F216124F-6D33-4863-B437-67A661AE07D7}.Debug|Any CPU.ActiveCfg = Debug|Any CPU
		{F216124F-6D33-4863-B437-67A661AE07D7}.Debug|Any CPU.Build.0 = Debug|Any CPU
		{F216124F-6D33-4863-B437-67A661AE07D7}.Debug|ARM.ActiveCfg = Debug|Any CPU
		{F216124F-6D33-4863-B437-67A661AE07D7}.Debug|ARM.Build.0 = Debug|Any CPU
		{F216124F-6D33-4863-B437-67A661AE07D7}.Debug|iPhone.ActiveCfg = Debug|Any CPU
		{F216124F-6D33-4863-B437-67A661AE07D7}.Debug|iPhone.Build.0 = Debug|Any CPU
		{F216124F-6D33-4863-B437-67A661AE07D7}.Debug|iPhoneSimulator.ActiveCfg = Debug|Any CPU
		{F216124F-6D33-4863-B437-67A661AE07D7}.Debug|iPhoneSimulator.Build.0 = Debug|Any CPU
		{F216124F-6D33-4863-B437-67A661AE07D7}.Debug|x64.ActiveCfg = Debug|Any CPU
		{F216124F-6D33-4863-B437-67A661AE07D7}.Debug|x64.Build.0 = Debug|Any CPU
		{F216124F-6D33-4863-B437-67A661AE07D7}.Debug|x86.ActiveCfg = Debug|Any CPU
		{F216124F-6D33-4863-B437-67A661AE07D7}.Debug|x86.Build.0 = Debug|Any CPU
		{F216124F-6D33-4863-B437-67A661AE07D7}.Release|Any CPU.ActiveCfg = Release|Any CPU
		{F216124F-6D33-4863-B437-67A661AE07D7}.Release|Any CPU.Build.0 = Release|Any CPU
		{F216124F-6D33-4863-B437-67A661AE07D7}.Release|ARM.ActiveCfg = Release|Any CPU
		{F216124F-6D33-4863-B437-67A661AE07D7}.Release|ARM.Build.0 = Release|Any CPU
		{F216124F-6D33-4863-B437-67A661AE07D7}.Release|iPhone.ActiveCfg = Release|Any CPU
		{F216124F-6D33-4863-B437-67A661AE07D7}.Release|iPhone.Build.0 = Release|Any CPU
		{F216124F-6D33-4863-B437-67A661AE07D7}.Release|iPhoneSimulator.ActiveCfg = Release|Any CPU
		{F216124F-6D33-4863-B437-67A661AE07D7}.Release|iPhoneSimulator.Build.0 = Release|Any CPU
		{F216124F-6D33-4863-B437-67A661AE07D7}.Release|x64.ActiveCfg = Release|Any CPU
		{F216124F-6D33-4863-B437-67A661AE07D7}.Release|x64.Build.0 = Release|Any CPU
		{F216124F-6D33-4863-B437-67A661AE07D7}.Release|x86.ActiveCfg = Release|Any CPU
		{F216124F-6D33-4863-B437-67A661AE07D7}.Release|x86.Build.0 = Release|Any CPU
	EndGlobalSection
	GlobalSection(SolutionProperties) = preSolution
		HideSolutionNode = FALSE
	EndGlobalSection
EndGlobal
